
Microsoft Visual Studio Solution File, Format Version 12.00
# Visual Studio Version 17
VisualStudioVersion = 17.0.31919.166
MinimumVisualStudioVersion = 10.0.40219.1
Project("{9A19103F-16F7-4668-BE54-9A1E7A4F7556}") = "GitHelper.Core", "src\GitHelper.Core\GitHelper.Core.csproj", "{11111111-1111-1111-1111-111111111111}"
EndProject
Project("{9A19103F-16F7-4668-BE54-9A1E7A4F7556}") = "GitHelper.Core.Tests", "tests\GitHelper.Core.Tests\GitHelper.Core.Tests.csproj", "{22222222-2222-2222-2222-222222222222}"
EndProject
Project("{2150E333-8FDC-42A3-9474-1A3956D46DE8}") = "src", "src", "{827E0CD3-B72D-47B6-A68D-7590B98EB39B}"
EndProject
Project("{FAE04EC0-301F-11D3-BF4B-00C04F79EFBC}") = "GitHelper.Content", "src\GitHelper.Content\GitHelper.Content.csproj", "{D16BFA58-2A63-4188-906C-49D965C18F36}"
EndProject
Project("{2150E333-8FDC-42A3-9474-1A3956D46DE8}") = "tests", "tests", "{0AB3BF05-4346-4AA6-1389-037BE0695223}"
EndProject
Project("{FAE04EC0-301F-11D3-BF4B-00C04F79EFBC}") = "GitHelper.TestSupport", "tests\GitHelper.TestSupport\GitHelper.TestSupport.csproj", "{6B2C1122-5C4C-4D83-9B12-9CD90A630535}"
EndProject
Project("{FAE04EC0-301F-11D3-BF4B-00C04F79EFBC}") = "GitHelper.App", "src\GitHelper.App\GitHelper.App.csproj", "{76183DE2-1C73-4052-9EA1-06CE2A3F4623}"
EndProject
Project("{FAE04EC0-301F-11D3-BF4B-00C04F79EFBC}") = "GitHelper.App.Tests", "tests\GitHelper.App.Tests\GitHelper.App.Tests.csproj", "{CA3B6794-9899-4B56-ADC9-4013011E1C6F}"
EndProject
Global
	GlobalSection(SolutionConfigurationPlatforms) = preSolution
		Debug|Any CPU = Debug|Any CPU
		Debug|x64 = Debug|x64
		Debug|x86 = Debug|x86
		Release|Any CPU = Release|Any CPU
		Release|x64 = Release|x64
		Release|x86 = Release|x86
	EndGlobalSection
	GlobalSection(ProjectConfigurationPlatforms) = postSolution
		{11111111-1111-1111-1111-111111111111}.Debug|Any CPU.ActiveCfg = Debug|Any CPU
		{11111111-1111-1111-1111-111111111111}.Debug|Any CPU.Build.0 = Debug|Any CPU
		{11111111-1111-1111-1111-111111111111}.Debug|x64.ActiveCfg = Debug|Any CPU
		{11111111-1111-1111-1111-111111111111}.Debug|x64.Build.0 = Debug|Any CPU
		{11111111-1111-1111-1111-111111111111}.Debug|x86.ActiveCfg = Debug|Any CPU
		{11111111-1111-1111-1111-111111111111}.Debug|x86.Build.0 = Debug|Any CPU
		{11111111-1111-1111-1111-111111111111}.Release|Any CPU.ActiveCfg = Release|Any CPU
		{11111111-1111-1111-1111-111111111111}.Release|Any CPU.Build.0 = Release|Any CPU
		{11111111-1111-1111-1111-111111111111}.Release|x64.ActiveCfg = Release|Any CPU
		{11111111-1111-1111-1111-111111111111}.Release|x64.Build.0 = Release|Any CPU
		{11111111-1111-1111-1111-111111111111}.Release|x86.ActiveCfg = Release|Any CPU
		{11111111-1111-1111-1111-111111111111}.Release|x86.Build.0 = Release|Any CPU
		{22222222-2222-2222-2222-222222222222}.Debug|Any CPU.ActiveCfg = Debug|Any CPU
		{22222222-2222-2222-2222-222222222222}.Debug|Any CPU.Build.0 = Debug|Any CPU
		{22222222-2222-2222-2222-222222222222}.Debug|x64.ActiveCfg = Debug|Any CPU
		{22222222-2222-2222-2222-222222222222}.Debug|x64.Build.0 = Debug|Any CPU
		{22222222-2222-2222-2222-222222222222}.Debug|x86.ActiveCfg = Debug|Any CPU
		{22222222-2222-2222-2222-222222222222}.Debug|x86.Build.0 = Debug|Any CPU
		{22222222-2222-2222-2222-222222222222}.Release|Any CPU.ActiveCfg = Release|Any CPU
		{22222222-2222-2222-2222-222222222222}.Release|Any CPU.Build.0 = Release|Any CPU
		{22222222-2222-2222-2222-222222222222}.Release|x64.ActiveCfg = Release|Any CPU
		{22222222-2222-2222-2222-222222222222}.Release|x64.Build.0 = Release|Any CPU
		{22222222-2222-2222-2222-222222222222}.Release|x86.ActiveCfg = Release|Any CPU
		{22222222-2222-2222-2222-222222222222}.Release|x86.Build.0 = Release|Any CPU
		{D16BFA58-2A63-4188-906C-49D965C18F36}.Debug|Any CPU.ActiveCfg = Debug|Any CPU
		{D16BFA58-2A63-4188-906C-49D965C18F36}.Debug|Any CPU.Build.0 = Debug|Any CPU
		{D16BFA58-2A63-4188-906C-49D965C18F36}.Debug|x64.ActiveCfg = Debug|Any CPU
		{D16BFA58-2A63-4188-906C-49D965C18F36}.Debug|x64.Build.0 = Debug|Any CPU
		{D16BFA58-2A63-4188-906C-49D965C18F36}.Debug|x86.ActiveCfg = Debug|Any CPU
		{D16BFA58-2A63-4188-906C-49D965C18F36}.Debug|x86.Build.0 = Debug|Any CPU
		{D16BFA58-2A63-4188-906C-49D965C18F36}.Release|Any CPU.ActiveCfg = Release|Any CPU
		{D16BFA58-2A63-4188-906C-49D965C18F36}.Release|Any CPU.Build.0 = Release|Any CPU
		{D16BFA58-2A63-4188-906C-49D965C18F36}.Release|x64.ActiveCfg = Release|Any CPU
		{D16BFA58-2A63-4188-906C-49D965C18F36}.Release|x64.Build.0 = Release|Any CPU
		{D16BFA58-2A63-4188-906C-49D965C18F36}.Release|x86.ActiveCfg = Release|Any CPU
		{D16BFA58-2A63-4188-906C-49D965C18F36}.Release|x86.Build.0 = Release|Any CPU
		{6B2C1122-5C4C-4D83-9B12-9CD90A630535}.Debug|Any CPU.ActiveCfg = Debug|Any CPU
		{6B2C1122-5C4C-4D83-9B12-9CD90A630535}.Debug|Any CPU.Build.0 = Debug|Any CPU
		{6B2C1122-5C4C-4D83-9B12-9CD90A630535}.Debug|x64.ActiveCfg = Debug|Any CPU
		{6B2C1122-5C4C-4D83-9B12-9CD90A630535}.Debug|x64.Build.0 = Debug|Any CPU
		{6B2C1122-5C4C-4D83-9B12-9CD90A630535}.Debug|x86.ActiveCfg = Debug|Any CPU
		{6B2C1122-5C4C-4D83-9B12-9CD90A630535}.Debug|x86.Build.0 = Debug|Any CPU
		{6B2C1122-5C4C-4D83-9B12-9CD90A630535}.Release|Any CPU.ActiveCfg = Release|Any CPU
		{6B2C1122-5C4C-4D83-9B12-9CD90A630535}.Release|Any CPU.Build.0 = Release|Any CPU
		{6B2C1122-5C4C-4D83-9B12-9CD90A630535}.Release|x64.ActiveCfg = Release|Any CPU
		{6B2C1122-5C4C-4D83-9B12-9CD90A630535}.Release|x64.Build.0 = Release|Any CPU
		{6B2C1122-5C4C-4D83-9B12-9CD90A630535}.Release|x86.ActiveCfg = Release|Any CPU
		{6B2C1122-5C4C-4D83-9B12-9CD90A630535}.Release|x86.Build.0 = Release|Any CPU
		{76183DE2-1C73-4052-9EA1-06CE2A3F4623}.Debug|Any CPU.ActiveCfg = Debug|Any CPU
		{76183DE2-1C73-4052-9EA1-06CE2A3F4623}.Debug|Any CPU.Build.0 = Debug|Any CPU
		{76183DE2-1C73-4052-9EA1-06CE2A3F4623}.Debug|x64.ActiveCfg = Debug|Any CPU
		{76183DE2-1C73-4052-9EA1-06CE2A3F4623}.Debug|x64.Build.0 = Debug|Any CPU
		{76183DE2-1C73-4052-9EA1-06CE2A3F4623}.Debug|x86.ActiveCfg = Debug|Any CPU
		{76183DE2-1C73-4052-9EA1-06CE2A3F4623}.Debug|x86.Build.0 = Debug|Any CPU
		{76183DE2-1C73-4052-9EA1-06CE2A3F4623}.Release|Any CPU.ActiveCfg = Release|Any CPU
		{76183DE2-1C73-4052-9EA1-06CE2A3F4623}.Release|Any CPU.Build.0 = Release|Any CPU
		{76183DE2-1C73-4052-9EA1-06CE2A3F4623}.Release|x64.ActiveCfg = Release|Any CPU
		{76183DE2-1C73-4052-9EA1-06CE2A3F4623}.Release|x64.Build.0 = Release|Any CPU
		{76183DE2-1C73-4052-9EA1-06CE2A3F4623}.Release|x86.ActiveCfg = Release|Any CPU
		{76183DE2-1C73-4052-9EA1-06CE2A3F4623}.Release|x86.Build.0 = Release|Any CPU
		{CA3B6794-9899-4B56-ADC9-4013011E1C6F}.Debug|Any CPU.ActiveCfg = Debug|Any CPU
		{CA3B6794-9899-4B56-ADC9-4013011E1C6F}.Debug|Any CPU.Build.0 = Debug|Any CPU
		{CA3B6794-9899-4B56-ADC9-4013011E1C6F}.Debug|x64.ActiveCfg = Debug|Any CPU
		{CA3B6794-9899-4B56-ADC9-4013011E1C6F}.Debug|x64.Build.0 = Debug|Any CPU
		{CA3B6794-9899-4B56-ADC9-4013011E1C6F}.Debug|x86.ActiveCfg = Debug|Any CPU
		{CA3B6794-9899-4B56-ADC9-4013011E1C6F}.Debug|x86.Build.0 = Debug|Any CPU
		{CA3B6794-9899-4B56-ADC9-4013011E1C6F}.Release|Any CPU.ActiveCfg = Release|Any CPU
		{CA3B6794-9899-4B56-ADC9-4013011E1C6F}.Release|Any CPU.Build.0 = Release|Any CPU
		{CA3B6794-9899-4B56-ADC9-4013011E1C6F}.Release|x64.ActiveCfg = Release|Any CPU
		{CA3B6794-9899-4B56-ADC9-4013011E1C6F}.Release|x64.Build.0 = Release|Any CPU
		{CA3B6794-9899-4B56-ADC9-4013011E1C6F}.Release|x86.ActiveCfg = Release|Any CPU
		{CA3B6794-9899-4B56-ADC9-4013011E1C6F}.Release|x86.Build.0 = Release|Any CPU
	EndGlobalSection
	GlobalSection(SolutionProperties) = preSolution
		HideSolutionNode = FALSE
	EndGlobalSection
	GlobalSection(NestedProjects) = preSolution
		{D16BFA58-2A63-4188-906C-49D965C18F36} = {827E0CD3-B72D-47B6-A68D-7590B98EB39B}
		{6B2C1122-5C4C-4D83-9B12-9CD90A630535} = {0AB3BF05-4346-4AA6-1389-037BE0695223}
		{76183DE2-1C73-4052-9EA1-06CE2A3F4623} = {827E0CD3-B72D-47B6-A68D-7590B98EB39B}
		{CA3B6794-9899-4B56-ADC9-4013011E1C6F} = {0AB3BF05-4346-4AA6-1389-037BE0695223}
	EndGlobalSection
EndGlobal
